
Microsoft Visual Studio Solution File, Format Version 12.00
# Visual Studio 15
VisualStudioVersion = 15.0.27703.2047
MinimumVisualStudioVersion = 10.0.40219.1
Project("{9A19103F-16F7-4668-BE54-9A1E7A4F7556}") = "CasaDoCodigo.MVC", "CasaDoCodigo.CQRS\CasaDoCodigo.MVC.csproj", "{616AEE63-21B3-4243-8A2A-D162242F161A}"
EndProject
Project("{2150E333-8FDC-42A3-9474-1A3956D46DE8}") = "NSwagStudio", "NSwagStudio", "{A4502ACB-B015-4D9A-9C6A-189D22E9BC93}"
	ProjectSection(SolutionItems) = preProject
		CasaDoCodigo.API.nswag = CasaDoCodigo.API.nswag
	EndProjectSection
EndProject
Project("{9A19103F-16F7-4668-BE54-9A1E7A4F7556}") = "CasaDoCodigo.Carrinho", "CasaDoCodigo.Carrinho\CasaDoCodigo.Carrinho.csproj", "{9AAAC4D2-5C55-4125-8580-13DBCAE8242E}"
EndProject
Project("{9A19103F-16F7-4668-BE54-9A1E7A4F7556}") = "CasaDoCodigo.Mensagens", "CasaDoCodigo.Mensagens\CasaDoCodigo.Mensagens.csproj", "{4B257028-6B62-496E-AD3B-0D93F2C1FF14}"
EndProject
Project("{2150E333-8FDC-42A3-9474-1A3956D46DE8}") = "BrighterExtensions", "BrighterExtensions", "{C9DC4B43-EB76-48D8-8B56-82AF31D4EE62}"
	ProjectSection(SolutionItems) = preProject
		BrighterExtensions\Paramore.Brighter.Extensions.DependencyInjection.dll = BrighterExtensions\Paramore.Brighter.Extensions.DependencyInjection.dll
		BrighterExtensions\Paramore.Brighter.ServiceActivator.Extensions.DependencyInjection.dll = BrighterExtensions\Paramore.Brighter.ServiceActivator.Extensions.DependencyInjection.dll
		BrighterExtensions\Paramore.Brighter.ServiceActivator.Extensions.Hosting.dll = BrighterExtensions\Paramore.Brighter.ServiceActivator.Extensions.Hosting.dll
	EndProjectSection
EndProject
Project("{9A19103F-16F7-4668-BE54-9A1E7A4F7556}") = "CasaDoCodigo.Identity", "CasaDoCodigo.Identity\CasaDoCodigo.Identity.csproj", "{C71256D5-2BA8-444B-BE6A-4512FA317F97}"
EndProject
Project("{9A19103F-16F7-4668-BE54-9A1E7A4F7556}") = "CasaDoCodigo.Catalogo", "CasaDoCodigo.Catalogo\CasaDoCodigo.Catalogo.csproj", "{99EC294B-8F3C-4CAA-AF38-65A4BA64736A}"
EndProject
Global
	GlobalSection(SolutionConfigurationPlatforms) = preSolution
		Debug|Any CPU = Debug|Any CPU
		Release|Any CPU = Release|Any CPU
	EndGlobalSection
	GlobalSection(ProjectConfigurationPlatforms) = postSolution
		{616AEE63-21B3-4243-8A2A-D162242F161A}.Debug|Any CPU.ActiveCfg = Debug|Any CPU
		{616AEE63-21B3-4243-8A2A-D162242F161A}.Debug|Any CPU.Build.0 = Debug|Any CPU
		{616AEE63-21B3-4243-8A2A-D162242F161A}.Release|Any CPU.ActiveCfg = Release|Any CPU
		{616AEE63-21B3-4243-8A2A-D162242F161A}.Release|Any CPU.Build.0 = Release|Any CPU
		{9AAAC4D2-5C55-4125-8580-13DBCAE8242E}.Debug|Any CPU.ActiveCfg = Debug|Any CPU
		{9AAAC4D2-5C55-4125-8580-13DBCAE8242E}.Debug|Any CPU.Build.0 = Debug|Any CPU
		{9AAAC4D2-5C55-4125-8580-13DBCAE8242E}.Release|Any CPU.ActiveCfg = Release|Any CPU
		{9AAAC4D2-5C55-4125-8580-13DBCAE8242E}.Release|Any CPU.Build.0 = Release|Any CPU
		{4B257028-6B62-496E-AD3B-0D93F2C1FF14}.Debug|Any CPU.ActiveCfg = Debug|Any CPU
		{4B257028-6B62-496E-AD3B-0D93F2C1FF14}.Debug|Any CPU.Build.0 = Debug|Any CPU
		{4B257028-6B62-496E-AD3B-0D93F2C1FF14}.Release|Any CPU.ActiveCfg = Release|Any CPU
		{4B257028-6B62-496E-AD3B-0D93F2C1FF14}.Release|Any CPU.Build.0 = Release|Any CPU
		{C71256D5-2BA8-444B-BE6A-4512FA317F97}.Debug|Any CPU.ActiveCfg = Debug|Any CPU
		{C71256D5-2BA8-444B-BE6A-4512FA317F97}.Debug|Any CPU.Build.0 = Debug|Any CPU
		{C71256D5-2BA8-444B-BE6A-4512FA317F97}.Release|Any CPU.ActiveCfg = Release|Any CPU
		{C71256D5-2BA8-444B-BE6A-4512FA317F97}.Release|Any CPU.Build.0 = Release|Any CPU
		{99EC294B-8F3C-4CAA-AF38-65A4BA64736A}.Debug|Any CPU.ActiveCfg = Debug|Any CPU
		{99EC294B-8F3C-4CAA-AF38-65A4BA64736A}.Debug|Any CPU.Build.0 = Debug|Any CPU
		{99EC294B-8F3C-4CAA-AF38-65A4BA64736A}.Release|Any CPU.ActiveCfg = Release|Any CPU
		{99EC294B-8F3C-4CAA-AF38-65A4BA64736A}.Release|Any CPU.Build.0 = Release|Any CPU
	EndGlobalSection
	GlobalSection(SolutionProperties) = preSolution
		HideSolutionNode = FALSE
	EndGlobalSection
	GlobalSection(ExtensibilityGlobals) = postSolution
		SolutionGuid = {03DBD554-4917-4E9A-B783-78151722175A}
	EndGlobalSection
EndGlobal
