
Microsoft Visual Studio Solution File, Format Version 12.00
# Visual Studio 15
VisualStudioVersion = 15.0.27703.2047
MinimumVisualStudioVersion = 10.0.40219.1
Project("{9A19103F-16F7-4668-BE54-9A1E7A4F7556}") = "CasaDoCodigo.MVC", "CasaDoCodigo.CQRS\CasaDoCodigo.MVC.csproj", "{616AEE63-21B3-4243-8A2A-D162242F161A}"
EndProject
Project("{9A19103F-16F7-4668-BE54-9A1E7A4F7556}") = "CasaDoCodigo.API", "CasaDoCodigo.API\CasaDoCodigo.API.csproj", "{06D179A9-0730-4029-9C62-E191F053FBC3}"
EndProject
Project("{9A19103F-16F7-4668-BE54-9A1E7A4F7556}") = "CasaDoCodigo.Identity", "CasaDoCodigo.Identity\CasaDoCodigo.Identity.csproj", "{E31BD4C2-D32D-4F51-AEBE-1E690E4FA605}"
EndProject
Project("{9A19103F-16F7-4668-BE54-9A1E7A4F7556}") = "CasaDoCodigo.Client.Generated", "CasaDoCodigo.Client\CasaDoCodigo.Client.Generated.csproj", "{F5087414-E404-43E0-BFAB-6008C20C857E}"
EndProject
Project("{9A19103F-16F7-4668-BE54-9A1E7A4F7556}") = "CasaDoCodigo.Client.Playground", "CasaDoCodigo.Client.Playground\CasaDoCodigo.Client.Playground.csproj", "{09BC8448-2914-4C5E-8CCB-1C8CE1BD8FF7}"
EndProject
Project("{2150E333-8FDC-42A3-9474-1A3956D46DE8}") = "NSwagStudio", "NSwagStudio", "{A4502ACB-B015-4D9A-9C6A-189D22E9BC93}"
	ProjectSection(SolutionItems) = preProject
		CasaDoCodigo.nswag = CasaDoCodigo.nswag
	EndProjectSection
EndProject
Project("{FAE04EC0-301F-11D3-BF4B-00C04F79EFBC}") = "CasaDoCodigo.Status", "CasaDoCodigo.Status\CasaDoCodigo.Status.csproj", "{3A00DC21-DEF8-4A18-954F-5C8EE9337249}"
EndProject
Project("{FAE04EC0-301F-11D3-BF4B-00C04F79EFBC}") = "CasaDoCodigo.Catalogo", "CasaDoCodigo.Catalogo\CasaDoCodigo.Catalogo.csproj", "{412FC36B-8B56-4B56-9C93-A1B70707C7EA}"
EndProject
Project("{FAE04EC0-301F-11D3-BF4B-00C04F79EFBC}") = "CasaDoCodigo.Carrinho", "CasaDoCodigo.Carrinho\CasaDoCodigo.Carrinho.csproj", "{9AAAC4D2-5C55-4125-8580-13DBCAE8242E}"
EndProject
Global
	GlobalSection(SolutionConfigurationPlatforms) = preSolution
		Debug|Any CPU = Debug|Any CPU
		Release|Any CPU = Release|Any CPU
	EndGlobalSection
	GlobalSection(ProjectConfigurationPlatforms) = postSolution
		{616AEE63-21B3-4243-8A2A-D162242F161A}.Debug|Any CPU.ActiveCfg = Debug|Any CPU
		{616AEE63-21B3-4243-8A2A-D162242F161A}.Debug|Any CPU.Build.0 = Debug|Any CPU
		{616AEE63-21B3-4243-8A2A-D162242F161A}.Release|Any CPU.ActiveCfg = Release|Any CPU
		{616AEE63-21B3-4243-8A2A-D162242F161A}.Release|Any CPU.Build.0 = Release|Any CPU
		{06D179A9-0730-4029-9C62-E191F053FBC3}.Debug|Any CPU.ActiveCfg = Debug|Any CPU
		{06D179A9-0730-4029-9C62-E191F053FBC3}.Debug|Any CPU.Build.0 = Debug|Any CPU
		{06D179A9-0730-4029-9C62-E191F053FBC3}.Release|Any CPU.ActiveCfg = Release|Any CPU
		{06D179A9-0730-4029-9C62-E191F053FBC3}.Release|Any CPU.Build.0 = Release|Any CPU
		{E31BD4C2-D32D-4F51-AEBE-1E690E4FA605}.Debug|Any CPU.ActiveCfg = Debug|Any CPU
		{E31BD4C2-D32D-4F51-AEBE-1E690E4FA605}.Debug|Any CPU.Build.0 = Debug|Any CPU
		{E31BD4C2-D32D-4F51-AEBE-1E690E4FA605}.Release|Any CPU.ActiveCfg = Release|Any CPU
		{E31BD4C2-D32D-4F51-AEBE-1E690E4FA605}.Release|Any CPU.Build.0 = Release|Any CPU
		{F5087414-E404-43E0-BFAB-6008C20C857E}.Debug|Any CPU.ActiveCfg = Debug|Any CPU
		{F5087414-E404-43E0-BFAB-6008C20C857E}.Debug|Any CPU.Build.0 = Debug|Any CPU
		{F5087414-E404-43E0-BFAB-6008C20C857E}.Release|Any CPU.ActiveCfg = Release|Any CPU
		{F5087414-E404-43E0-BFAB-6008C20C857E}.Release|Any CPU.Build.0 = Release|Any CPU
		{09BC8448-2914-4C5E-8CCB-1C8CE1BD8FF7}.Debug|Any CPU.ActiveCfg = Debug|Any CPU
		{09BC8448-2914-4C5E-8CCB-1C8CE1BD8FF7}.Debug|Any CPU.Build.0 = Debug|Any CPU
		{09BC8448-2914-4C5E-8CCB-1C8CE1BD8FF7}.Release|Any CPU.ActiveCfg = Release|Any CPU
		{09BC8448-2914-4C5E-8CCB-1C8CE1BD8FF7}.Release|Any CPU.Build.0 = Release|Any CPU
		{3A00DC21-DEF8-4A18-954F-5C8EE9337249}.Debug|Any CPU.ActiveCfg = Debug|Any CPU
		{3A00DC21-DEF8-4A18-954F-5C8EE9337249}.Debug|Any CPU.Build.0 = Debug|Any CPU
		{3A00DC21-DEF8-4A18-954F-5C8EE9337249}.Release|Any CPU.ActiveCfg = Release|Any CPU
		{3A00DC21-DEF8-4A18-954F-5C8EE9337249}.Release|Any CPU.Build.0 = Release|Any CPU
		{412FC36B-8B56-4B56-9C93-A1B70707C7EA}.Debug|Any CPU.ActiveCfg = Debug|Any CPU
		{412FC36B-8B56-4B56-9C93-A1B70707C7EA}.Debug|Any CPU.Build.0 = Debug|Any CPU
		{412FC36B-8B56-4B56-9C93-A1B70707C7EA}.Release|Any CPU.ActiveCfg = Release|Any CPU
		{412FC36B-8B56-4B56-9C93-A1B70707C7EA}.Release|Any CPU.Build.0 = Release|Any CPU
		{9AAAC4D2-5C55-4125-8580-13DBCAE8242E}.Debug|Any CPU.ActiveCfg = Debug|Any CPU
		{9AAAC4D2-5C55-4125-8580-13DBCAE8242E}.Debug|Any CPU.Build.0 = Debug|Any CPU
		{9AAAC4D2-5C55-4125-8580-13DBCAE8242E}.Release|Any CPU.ActiveCfg = Release|Any CPU
		{9AAAC4D2-5C55-4125-8580-13DBCAE8242E}.Release|Any CPU.Build.0 = Release|Any CPU
	EndGlobalSection
	GlobalSection(SolutionProperties) = preSolution
		HideSolutionNode = FALSE
	EndGlobalSection
	GlobalSection(ExtensibilityGlobals) = postSolution
		SolutionGuid = {03DBD554-4917-4E9A-B783-78151722175A}
	EndGlobalSection
EndGlobal
