
Microsoft Visual Studio Solution File, Format Version 12.00
# Visual Studio 15
VisualStudioVersion = 15.0.27703.2047
MinimumVisualStudioVersion = 10.0.40219.1
Project("{9A19103F-16F7-4668-BE54-9A1E7A4F7556}") = "MVC", "CasaDoCodigo.CQRS\MVC.csproj", "{616AEE63-21B3-4243-8A2A-D162242F161A}"
EndProject
Project("{2150E333-8FDC-42A3-9474-1A3956D46DE8}") = "NSwagStudio", "NSwagStudio", "{A4502ACB-B015-4D9A-9C6A-189D22E9BC93}"
	ProjectSection(SolutionItems) = preProject
		CasaDoCodigo.API.nswag = CasaDoCodigo.API.nswag
	EndProjectSection
EndProject
Project("{9A19103F-16F7-4668-BE54-9A1E7A4F7556}") = "Carrinho.API", "CasaDoCodigo.Carrinho\Carrinho.API.csproj", "{9AAAC4D2-5C55-4125-8580-13DBCAE8242E}"
EndProject
Project("{9A19103F-16F7-4668-BE54-9A1E7A4F7556}") = "CasaDoCodigo.Mensagens", "CasaDoCodigo.Mensagens\CasaDoCodigo.Mensagens.csproj", "{4B257028-6B62-496E-AD3B-0D93F2C1FF14}"
EndProject
Project("{9A19103F-16F7-4668-BE54-9A1E7A4F7556}") = "Identity.API", "CasaDoCodigo.Identity\Identity.API.csproj", "{C71256D5-2BA8-444B-BE6A-4512FA317F97}"
EndProject
Project("{9A19103F-16F7-4668-BE54-9A1E7A4F7556}") = "Catalogo.API", "CasaDoCodigo.Catalogo\Catalogo.API.csproj", "{99EC294B-8F3C-4CAA-AF38-65A4BA64736A}"
EndProject
Project("{2150E333-8FDC-42A3-9474-1A3956D46DE8}") = "Servicos", "Servicos", "{EC57E6DB-8B05-4ACD-8FD8-0B6BCC2E18D9}"
EndProject
Project("{2150E333-8FDC-42A3-9474-1A3956D46DE8}") = "Carrinho", "Carrinho", "{5A6EE5AE-405D-4556-B059-8A7A01F1324E}"
EndProject
Project("{2150E333-8FDC-42A3-9474-1A3956D46DE8}") = "Catalogo", "Catalogo", "{6CB2AE7C-8AE4-439F-BD09-681B9B163E9F}"
EndProject
Project("{2150E333-8FDC-42A3-9474-1A3956D46DE8}") = "Identity", "Identity", "{CDDD91B9-D1F3-4F1C-9144-ABB2145AC475}"
EndProject
Project("{2150E333-8FDC-42A3-9474-1A3956D46DE8}") = "WebApp", "WebApp", "{3D011CD3-C250-4D92-833D-AE15B1AB4BD7}"
EndProject
Project("{2150E333-8FDC-42A3-9474-1A3956D46DE8}") = "MVC", "MVC", "{D0FACE6F-F795-4CF0-A4BF-77627F621B5B}"
EndProject
Project("{2150E333-8FDC-42A3-9474-1A3956D46DE8}") = "testes", "testes", "{CAFC5BC9-13A2-4D76-A7E2-8D056A006422}"
EndProject
Project("{2150E333-8FDC-42A3-9474-1A3956D46DE8}") = "testes", "testes", "{86602D18-2457-44B4-B066-4562A082F8F5}"
EndProject
Project("{2150E333-8FDC-42A3-9474-1A3956D46DE8}") = "testes", "testes", "{FC7C3BE8-DFFC-4408-89EC-BE08E29D80B7}"
EndProject
Project("{2150E333-8FDC-42A3-9474-1A3956D46DE8}") = "testes", "testes", "{4AF230EC-1E24-4C55-89C7-74FD6A4578A4}"
EndProject
Project("{9A19103F-16F7-4668-BE54-9A1E7A4F7556}") = "Carrinho.API.Tests", "Carrinho.UnitTests\Carrinho.API.Tests.csproj", "{4A77ECDE-85A7-4D53-BDEE-FF05AB7D3494}"
EndProject
Project("{9A19103F-16F7-4668-BE54-9A1E7A4F7556}") = "Carrinho.FunctionalTests", "Carrinho.FunctionalTests\Carrinho.FunctionalTests.csproj", "{242840D6-2E19-40C6-816B-78FEDA11D418}"
EndProject
Project("{2150E333-8FDC-42A3-9474-1A3956D46DE8}") = "OrdemDeCompra", "OrdemDeCompra", "{74169CBC-F92A-4E85-B58C-8CF743AF87B8}"
EndProject
Project("{2150E333-8FDC-42A3-9474-1A3956D46DE8}") = "testes", "testes", "{23569E3B-B36E-4746-9E47-4887EA8AF116}"
EndProject
Project("{9A19103F-16F7-4668-BE54-9A1E7A4F7556}") = "OrdemDeCompra.API", "OrdemDeCompra.API\OrdemDeCompra.API.csproj", "{EA09CDC8-0E95-433B-832E-6A1BEF3EAB23}"
EndProject
Project("{9A19103F-16F7-4668-BE54-9A1E7A4F7556}") = "MVC.Test", "MVC.Test\MVC.Test.csproj", "{5EB9497A-2EE0-4135-AA25-71AD4D475841}"
EndProject
Project("{9A19103F-16F7-4668-BE54-9A1E7A4F7556}") = "Catalogo.UnitTests", "Catalogo.UnitTests\Catalogo.UnitTests.csproj", "{4DC044A2-089B-43E2-AB9A-3EB90427F0EC}"
EndProject
Project("{9A19103F-16F7-4668-BE54-9A1E7A4F7556}") = "OrdemDeCompra.UnitTests", "OrdemDeCompra.UnitTests\OrdemDeCompra.UnitTests.csproj", "{14900792-6AFA-48F1-849A-2586CC8956D1}"
EndProject
Project("{FAE04EC0-301F-11D3-BF4B-00C04F79EFBC}") = "Identity.UnitTests", "Identity.UnitTests\Identity.UnitTests.csproj", "{CD89406F-7DF8-4A03-859E-E754E9E7BE7A}"
EndProject
Global
	GlobalSection(SolutionConfigurationPlatforms) = preSolution
		Debug|Any CPU = Debug|Any CPU
		Release|Any CPU = Release|Any CPU
	EndGlobalSection
	GlobalSection(ProjectConfigurationPlatforms) = postSolution
		{616AEE63-21B3-4243-8A2A-D162242F161A}.Debug|Any CPU.ActiveCfg = Debug|Any CPU
		{616AEE63-21B3-4243-8A2A-D162242F161A}.Debug|Any CPU.Build.0 = Debug|Any CPU
		{616AEE63-21B3-4243-8A2A-D162242F161A}.Release|Any CPU.ActiveCfg = Release|Any CPU
		{616AEE63-21B3-4243-8A2A-D162242F161A}.Release|Any CPU.Build.0 = Release|Any CPU
		{9AAAC4D2-5C55-4125-8580-13DBCAE8242E}.Debug|Any CPU.ActiveCfg = Debug|Any CPU
		{9AAAC4D2-5C55-4125-8580-13DBCAE8242E}.Debug|Any CPU.Build.0 = Debug|Any CPU
		{9AAAC4D2-5C55-4125-8580-13DBCAE8242E}.Release|Any CPU.ActiveCfg = Release|Any CPU
		{9AAAC4D2-5C55-4125-8580-13DBCAE8242E}.Release|Any CPU.Build.0 = Release|Any CPU
		{4B257028-6B62-496E-AD3B-0D93F2C1FF14}.Debug|Any CPU.ActiveCfg = Debug|Any CPU
		{4B257028-6B62-496E-AD3B-0D93F2C1FF14}.Debug|Any CPU.Build.0 = Debug|Any CPU
		{4B257028-6B62-496E-AD3B-0D93F2C1FF14}.Release|Any CPU.ActiveCfg = Release|Any CPU
		{4B257028-6B62-496E-AD3B-0D93F2C1FF14}.Release|Any CPU.Build.0 = Release|Any CPU
		{C71256D5-2BA8-444B-BE6A-4512FA317F97}.Debug|Any CPU.ActiveCfg = Debug|Any CPU
		{C71256D5-2BA8-444B-BE6A-4512FA317F97}.Debug|Any CPU.Build.0 = Debug|Any CPU
		{C71256D5-2BA8-444B-BE6A-4512FA317F97}.Release|Any CPU.ActiveCfg = Release|Any CPU
		{C71256D5-2BA8-444B-BE6A-4512FA317F97}.Release|Any CPU.Build.0 = Release|Any CPU
		{99EC294B-8F3C-4CAA-AF38-65A4BA64736A}.Debug|Any CPU.ActiveCfg = Debug|Any CPU
		{99EC294B-8F3C-4CAA-AF38-65A4BA64736A}.Debug|Any CPU.Build.0 = Debug|Any CPU
		{99EC294B-8F3C-4CAA-AF38-65A4BA64736A}.Release|Any CPU.ActiveCfg = Release|Any CPU
		{99EC294B-8F3C-4CAA-AF38-65A4BA64736A}.Release|Any CPU.Build.0 = Release|Any CPU
		{4A77ECDE-85A7-4D53-BDEE-FF05AB7D3494}.Debug|Any CPU.ActiveCfg = Debug|Any CPU
		{4A77ECDE-85A7-4D53-BDEE-FF05AB7D3494}.Debug|Any CPU.Build.0 = Debug|Any CPU
		{4A77ECDE-85A7-4D53-BDEE-FF05AB7D3494}.Release|Any CPU.ActiveCfg = Release|Any CPU
		{4A77ECDE-85A7-4D53-BDEE-FF05AB7D3494}.Release|Any CPU.Build.0 = Release|Any CPU
		{242840D6-2E19-40C6-816B-78FEDA11D418}.Debug|Any CPU.ActiveCfg = Debug|Any CPU
		{242840D6-2E19-40C6-816B-78FEDA11D418}.Debug|Any CPU.Build.0 = Debug|Any CPU
		{242840D6-2E19-40C6-816B-78FEDA11D418}.Release|Any CPU.ActiveCfg = Release|Any CPU
		{242840D6-2E19-40C6-816B-78FEDA11D418}.Release|Any CPU.Build.0 = Release|Any CPU
		{EA09CDC8-0E95-433B-832E-6A1BEF3EAB23}.Debug|Any CPU.ActiveCfg = Debug|Any CPU
		{EA09CDC8-0E95-433B-832E-6A1BEF3EAB23}.Debug|Any CPU.Build.0 = Debug|Any CPU
		{EA09CDC8-0E95-433B-832E-6A1BEF3EAB23}.Release|Any CPU.ActiveCfg = Release|Any CPU
		{EA09CDC8-0E95-433B-832E-6A1BEF3EAB23}.Release|Any CPU.Build.0 = Release|Any CPU
		{5EB9497A-2EE0-4135-AA25-71AD4D475841}.Debug|Any CPU.ActiveCfg = Debug|Any CPU
		{5EB9497A-2EE0-4135-AA25-71AD4D475841}.Debug|Any CPU.Build.0 = Debug|Any CPU
		{5EB9497A-2EE0-4135-AA25-71AD4D475841}.Release|Any CPU.ActiveCfg = Release|Any CPU
		{5EB9497A-2EE0-4135-AA25-71AD4D475841}.Release|Any CPU.Build.0 = Release|Any CPU
		{4DC044A2-089B-43E2-AB9A-3EB90427F0EC}.Debug|Any CPU.ActiveCfg = Debug|Any CPU
		{4DC044A2-089B-43E2-AB9A-3EB90427F0EC}.Debug|Any CPU.Build.0 = Debug|Any CPU
		{4DC044A2-089B-43E2-AB9A-3EB90427F0EC}.Release|Any CPU.ActiveCfg = Release|Any CPU
		{4DC044A2-089B-43E2-AB9A-3EB90427F0EC}.Release|Any CPU.Build.0 = Release|Any CPU
		{14900792-6AFA-48F1-849A-2586CC8956D1}.Debug|Any CPU.ActiveCfg = Debug|Any CPU
		{14900792-6AFA-48F1-849A-2586CC8956D1}.Debug|Any CPU.Build.0 = Debug|Any CPU
		{14900792-6AFA-48F1-849A-2586CC8956D1}.Release|Any CPU.ActiveCfg = Release|Any CPU
		{14900792-6AFA-48F1-849A-2586CC8956D1}.Release|Any CPU.Build.0 = Release|Any CPU
		{CD89406F-7DF8-4A03-859E-E754E9E7BE7A}.Debug|Any CPU.ActiveCfg = Debug|Any CPU
		{CD89406F-7DF8-4A03-859E-E754E9E7BE7A}.Debug|Any CPU.Build.0 = Debug|Any CPU
		{CD89406F-7DF8-4A03-859E-E754E9E7BE7A}.Release|Any CPU.ActiveCfg = Release|Any CPU
		{CD89406F-7DF8-4A03-859E-E754E9E7BE7A}.Release|Any CPU.Build.0 = Release|Any CPU
	EndGlobalSection
	GlobalSection(SolutionProperties) = preSolution
		HideSolutionNode = FALSE
	EndGlobalSection
	GlobalSection(NestedProjects) = preSolution
		{616AEE63-21B3-4243-8A2A-D162242F161A} = {D0FACE6F-F795-4CF0-A4BF-77627F621B5B}
		{9AAAC4D2-5C55-4125-8580-13DBCAE8242E} = {5A6EE5AE-405D-4556-B059-8A7A01F1324E}
		{4B257028-6B62-496E-AD3B-0D93F2C1FF14} = {EC57E6DB-8B05-4ACD-8FD8-0B6BCC2E18D9}
		{C71256D5-2BA8-444B-BE6A-4512FA317F97} = {CDDD91B9-D1F3-4F1C-9144-ABB2145AC475}
		{99EC294B-8F3C-4CAA-AF38-65A4BA64736A} = {6CB2AE7C-8AE4-439F-BD09-681B9B163E9F}
		{5A6EE5AE-405D-4556-B059-8A7A01F1324E} = {EC57E6DB-8B05-4ACD-8FD8-0B6BCC2E18D9}
		{6CB2AE7C-8AE4-439F-BD09-681B9B163E9F} = {EC57E6DB-8B05-4ACD-8FD8-0B6BCC2E18D9}
		{CDDD91B9-D1F3-4F1C-9144-ABB2145AC475} = {EC57E6DB-8B05-4ACD-8FD8-0B6BCC2E18D9}
		{D0FACE6F-F795-4CF0-A4BF-77627F621B5B} = {3D011CD3-C250-4D92-833D-AE15B1AB4BD7}
		{CAFC5BC9-13A2-4D76-A7E2-8D056A006422} = {5A6EE5AE-405D-4556-B059-8A7A01F1324E}
		{86602D18-2457-44B4-B066-4562A082F8F5} = {6CB2AE7C-8AE4-439F-BD09-681B9B163E9F}
		{FC7C3BE8-DFFC-4408-89EC-BE08E29D80B7} = {CDDD91B9-D1F3-4F1C-9144-ABB2145AC475}
		{4AF230EC-1E24-4C55-89C7-74FD6A4578A4} = {D0FACE6F-F795-4CF0-A4BF-77627F621B5B}
		{4A77ECDE-85A7-4D53-BDEE-FF05AB7D3494} = {CAFC5BC9-13A2-4D76-A7E2-8D056A006422}
		{242840D6-2E19-40C6-816B-78FEDA11D418} = {CAFC5BC9-13A2-4D76-A7E2-8D056A006422}
		{74169CBC-F92A-4E85-B58C-8CF743AF87B8} = {EC57E6DB-8B05-4ACD-8FD8-0B6BCC2E18D9}
		{23569E3B-B36E-4746-9E47-4887EA8AF116} = {74169CBC-F92A-4E85-B58C-8CF743AF87B8}
		{EA09CDC8-0E95-433B-832E-6A1BEF3EAB23} = {74169CBC-F92A-4E85-B58C-8CF743AF87B8}
		{5EB9497A-2EE0-4135-AA25-71AD4D475841} = {4AF230EC-1E24-4C55-89C7-74FD6A4578A4}
		{4DC044A2-089B-43E2-AB9A-3EB90427F0EC} = {86602D18-2457-44B4-B066-4562A082F8F5}
		{14900792-6AFA-48F1-849A-2586CC8956D1} = {23569E3B-B36E-4746-9E47-4887EA8AF116}
		{CD89406F-7DF8-4A03-859E-E754E9E7BE7A} = {FC7C3BE8-DFFC-4408-89EC-BE08E29D80B7}
	EndGlobalSection
	GlobalSection(ExtensibilityGlobals) = postSolution
		SolutionGuid = {03DBD554-4917-4E9A-B783-78151722175A}
	EndGlobalSection
EndGlobal
